
Microsoft Visual Studio Solution File, Format Version 12.00
# Visual Studio Version 16
VisualStudioVersion = 16.0.29025.244
MinimumVisualStudioVersion = 10.0.40219.1
Project("{FAE04EC0-301F-11D3-BF4B-00C04F79EFBC}") = "Blog", "Blog\Blog.csproj", "{A5FF3ABD-D7EE-41B9-8DC2-79AD29B1FCB8}"
EndProject
Global
	GlobalSection(SolutionConfigurationPlatforms) = preSolution
		Debug|Any CPU = Debug|Any CPU
		Release|Any CPU = Release|Any CPU
	EndGlobalSection
	GlobalSection(ProjectConfigurationPlatforms) = postSolution
		{A5FF3ABD-D7EE-41B9-8DC2-79AD29B1FCB8}.Debug|Any CPU.ActiveCfg = Debug|Any CPU
		{A5FF3ABD-D7EE-41B9-8DC2-79AD29B1FCB8}.Debug|Any CPU.Build.0 = Debug|Any CPU
		{A5FF3ABD-D7EE-41B9-8DC2-79AD29B1FCB8}.Release|Any CPU.ActiveCfg = Release|Any CPU
		{A5FF3ABD-D7EE-41B9-8DC2-79AD29B1FCB8}.Release|Any CPU.Build.0 = Release|Any CPU
	EndGlobalSection
	GlobalSection(SolutionProperties) = preSolution
		HideSolutionNode = FALSE
	EndGlobalSection
	GlobalSection(ExtensibilityGlobals) = postSolution
		SolutionGuid = {828BAF5A-D3DC-4C27-922F-92BA4F140DD4}
	EndGlobalSection
EndGlobal
